# This file is automatically @generated by Cargo.
# It is not intended for manual editing.
version = 3

[[package]]
name = "rust-extension"
version = "0.1.0"
dependencies = [
 "rust-mruby",
]

[[package]]
name = "rust-mruby"
version = "0.4.1"
source = "git+https://github.com/buty4649/rust-mruby/#251f7be6c0b60528e9464194b7aadf4cb912e5d9"
